
Microsoft Visual Studio Solution File, Format Version 12.00
# Visual Studio Version 17
VisualStudioVersion = 17.0.31903.59
MinimumVisualStudioVersion = 10.0.40219.1
Project("{FAE04EC0-301F-11D3-BF4B-00C04F79EFBC}") = "CalculatorLibrary", "CalculatorLibrary\CalculatorLibrary.csproj", "{B1E8E65C-BCED-47AC-A320-65C38C4E5C6E}"
EndProject
Project("{FAE04EC0-301F-11D3-BF4B-00C04F79EFBC}") = "Calculator", "Calculator\Calculator.csproj", "{E62A2406-C79B-4BE1-A759-F8F5C30C639B}"
EndProject
Project("{FAE04EC0-301F-11D3-BF4B-00C04F79EFBC}") = "CalcLibTest", "CalcLibTest\CalcLibTest.csproj", "{5CC4411F-BD2C-4E94-BE0E-0AEC51D83946}"
EndProject
Global
	GlobalSection(SolutionConfigurationPlatforms) = preSolution
		Debug|Any CPU = Debug|Any CPU
		Release|Any CPU = Release|Any CPU
	EndGlobalSection
	GlobalSection(SolutionProperties) = preSolution
		HideSolutionNode = FALSE
	EndGlobalSection
	GlobalSection(ProjectConfigurationPlatforms) = postSolution
		{B1E8E65C-BCED-47AC-A320-65C38C4E5C6E}.Debug|Any CPU.ActiveCfg = Debug|Any CPU
		{B1E8E65C-BCED-47AC-A320-65C38C4E5C6E}.Debug|Any CPU.Build.0 = Debug|Any CPU
		{B1E8E65C-BCED-47AC-A320-65C38C4E5C6E}.Release|Any CPU.ActiveCfg = Release|Any CPU
		{B1E8E65C-BCED-47AC-A320-65C38C4E5C6E}.Release|Any CPU.Build.0 = Release|Any CPU
		{E62A2406-C79B-4BE1-A759-F8F5C30C639B}.Debug|Any CPU.ActiveCfg = Debug|Any CPU
		{E62A2406-C79B-4BE1-A759-F8F5C30C639B}.Debug|Any CPU.Build.0 = Debug|Any CPU
		{E62A2406-C79B-4BE1-A759-F8F5C30C639B}.Release|Any CPU.ActiveCfg = Release|Any CPU
		{E62A2406-C79B-4BE1-A759-F8F5C30C639B}.Release|Any CPU.Build.0 = Release|Any CPU
		{5CC4411F-BD2C-4E94-BE0E-0AEC51D83946}.Debug|Any CPU.ActiveCfg = Debug|Any CPU
		{5CC4411F-BD2C-4E94-BE0E-0AEC51D83946}.Debug|Any CPU.Build.0 = Debug|Any CPU
		{5CC4411F-BD2C-4E94-BE0E-0AEC51D83946}.Release|Any CPU.ActiveCfg = Release|Any CPU
		{5CC4411F-BD2C-4E94-BE0E-0AEC51D83946}.Release|Any CPU.Build.0 = Release|Any CPU
	EndGlobalSection
EndGlobal
